{
  "name": "my-node-app",
  "version": "1.0.0",
  "lockfileVersion": 3,
  "requires": true,
  "packages": {
    "": {
      "name": "my-node-app",
      "version": "1.0.0",
      "dependencies": {
        "serialize-javascript": "^1.6.1"
      }
    },
    "node_modules/serialize-javascript": {
      "version": "1.6.1",
      "resolved": "https://registry.npmjs.org/serialize-javascript/-/serialize-javascript-1.6.1.tgz",
      "integrity": "sha512-A5MOagrPFga4YaKQSWHryl7AXvbQkEqpw4NNYMTNYUNV51bA8ABHgYFpqKx+YFFrw59xMV1qGH1R4AgoNIVgCw==",
      "license": "BSD-3-Clause"
    }
  }
}
